
Microsoft Visual Studio Solution File, Format Version 12.00
# Visual Studio Express 14 for Windows Desktop
VisualStudioVersion = 14.0.25123.0
MinimumVisualStudioVersion = 10.0.40219.1
Project("{8BC9CEB8-8B4A-11D0-8D11-00A0C91BC942}") = "libpath47julia", "libpath47julia\libpath47julia.vcxproj", "{264A1296-0A69-4D5D-9D6D-8AD1B2141CD5}"
EndProject
Global
	GlobalSection(SolutionConfigurationPlatforms) = preSolution
		Debug|ARM = Debug|ARM
		Debug|x64 = Debug|x64
		Debug|x86 = Debug|x86
		Release|ARM = Release|ARM
		Release|x64 = Release|x64
		Release|x86 = Release|x86
	EndGlobalSection
	GlobalSection(ProjectConfigurationPlatforms) = postSolution
		{264A1296-0A69-4D5D-9D6D-8AD1B2141CD5}.Debug|ARM.ActiveCfg = Debug|x64
		{264A1296-0A69-4D5D-9D6D-8AD1B2141CD5}.Debug|ARM.Build.0 = Debug|x64
		{264A1296-0A69-4D5D-9D6D-8AD1B2141CD5}.Debug|x64.ActiveCfg = Debug|x64
		{264A1296-0A69-4D5D-9D6D-8AD1B2141CD5}.Debug|x64.Build.0 = Debug|x64
		{264A1296-0A69-4D5D-9D6D-8AD1B2141CD5}.Debug|x86.ActiveCfg = Debug|Win32
		{264A1296-0A69-4D5D-9D6D-8AD1B2141CD5}.Debug|x86.Build.0 = Debug|Win32
		{264A1296-0A69-4D5D-9D6D-8AD1B2141CD5}.Debug|x86.Deploy.0 = Debug|Win32
		{264A1296-0A69-4D5D-9D6D-8AD1B2141CD5}.Release|ARM.ActiveCfg = Release|ARM
		{264A1296-0A69-4D5D-9D6D-8AD1B2141CD5}.Release|ARM.Build.0 = Release|ARM
		{264A1296-0A69-4D5D-9D6D-8AD1B2141CD5}.Release|x64.ActiveCfg = Release|x64
		{264A1296-0A69-4D5D-9D6D-8AD1B2141CD5}.Release|x64.Build.0 = Release|x64
		{264A1296-0A69-4D5D-9D6D-8AD1B2141CD5}.Release|x86.ActiveCfg = Release|Win32
		{264A1296-0A69-4D5D-9D6D-8AD1B2141CD5}.Release|x86.Build.0 = Release|Win32
	EndGlobalSection
	GlobalSection(SolutionProperties) = preSolution
		HideSolutionNode = FALSE
	EndGlobalSection
EndGlobal
